# generated by rye
# use `rye lock` or `rye sync` to update this lockfile
#
# last locked with the following flags:
#   pre: false
#   features: []
#   all-features: false
#   with-sources: false
#   generate-hashes: false
#   universal: false

-e file:.
jax==0.4.31
    # via jaxopt
    # via valentbind
jaxlib==0.4.31
    # via jax
    # via jaxopt
    # via valentbind
jaxopt==0.8.3
    # via valentbind
ml-dtypes==0.4.0
    # via jax
    # via jaxlib
numpy==2.1.1
    # via jax
    # via jaxlib
    # via jaxopt
    # via ml-dtypes
    # via opt-einsum
    # via scipy
    # via valentbind
opt-einsum==3.3.0
    # via jax
scipy==1.14.1
    # via jax
    # via jaxlib
    # via jaxopt
    # via valentbind
